
Microsoft Visual Studio Solution File, Format Version 12.00
# Visual Studio Version 17
VisualStudioVersion = 17.7.34031.279
MinimumVisualStudioVersion = 10.0.40219.1
Project("{FAE04EC0-301F-11D3-BF4B-00C04F79EFBC}") = "excepciones", "excepciones\excepciones.csproj", "{B4B9681B-870E-4F8C-ADFD-1B4D836C2E74}"
EndProject
Project("{FAE04EC0-301F-11D3-BF4B-00C04F79EFBC}") = "Excepciones2", "Excepciones2\Excepciones2.csproj", "{973E7AF6-0222-411A-869E-D1C183670284}"
EndProject
Project("{FAE04EC0-301F-11D3-BF4B-00C04F79EFBC}") = "MiExcepcion", "MiExcepcion\MiExcepcion.csproj", "{8F9CD6D0-C673-42AF-A309-84648D249C1F}"
EndProject
Global
	GlobalSection(SolutionConfigurationPlatforms) = preSolution
		Debug|Any CPU = Debug|Any CPU
		Release|Any CPU = Release|Any CPU
	EndGlobalSection
	GlobalSection(ProjectConfigurationPlatforms) = postSolution
		{B4B9681B-870E-4F8C-ADFD-1B4D836C2E74}.Debug|Any CPU.ActiveCfg = Debug|Any CPU
		{B4B9681B-870E-4F8C-ADFD-1B4D836C2E74}.Debug|Any CPU.Build.0 = Debug|Any CPU
		{B4B9681B-870E-4F8C-ADFD-1B4D836C2E74}.Release|Any CPU.ActiveCfg = Release|Any CPU
		{B4B9681B-870E-4F8C-ADFD-1B4D836C2E74}.Release|Any CPU.Build.0 = Release|Any CPU
		{973E7AF6-0222-411A-869E-D1C183670284}.Debug|Any CPU.ActiveCfg = Debug|Any CPU
		{973E7AF6-0222-411A-869E-D1C183670284}.Debug|Any CPU.Build.0 = Debug|Any CPU
		{973E7AF6-0222-411A-869E-D1C183670284}.Release|Any CPU.ActiveCfg = Release|Any CPU
		{973E7AF6-0222-411A-869E-D1C183670284}.Release|Any CPU.Build.0 = Release|Any CPU
		{8F9CD6D0-C673-42AF-A309-84648D249C1F}.Debug|Any CPU.ActiveCfg = Debug|Any CPU
		{8F9CD6D0-C673-42AF-A309-84648D249C1F}.Debug|Any CPU.Build.0 = Debug|Any CPU
		{8F9CD6D0-C673-42AF-A309-84648D249C1F}.Release|Any CPU.ActiveCfg = Release|Any CPU
		{8F9CD6D0-C673-42AF-A309-84648D249C1F}.Release|Any CPU.Build.0 = Release|Any CPU
	EndGlobalSection
	GlobalSection(SolutionProperties) = preSolution
		HideSolutionNode = FALSE
	EndGlobalSection
	GlobalSection(ExtensibilityGlobals) = postSolution
		SolutionGuid = {F0D10A3F-4A02-48EE-A100-0EF4102F4D90}
	EndGlobalSection
EndGlobal
