
Microsoft Visual Studio Solution File, Format Version 12.00
# Visual Studio Version 16
VisualStudioVersion = 16.0.31624.102
MinimumVisualStudioVersion = 10.0.40219.1
Project("{FAE04EC0-301F-11D3-BF4B-00C04F79EFBC}") = "EjMetodosExpresionCorporal", "EjMetodosExpresionCorporal.csproj", "{040C23EB-256C-414F-A951-3854990D7D70}"
EndProject
Global
	GlobalSection(SolutionConfigurationPlatforms) = preSolution
		Debug|Any CPU = Debug|Any CPU
		Release|Any CPU = Release|Any CPU
	EndGlobalSection
	GlobalSection(ProjectConfigurationPlatforms) = postSolution
		{040C23EB-256C-414F-A951-3854990D7D70}.Debug|Any CPU.ActiveCfg = Debug|Any CPU
		{040C23EB-256C-414F-A951-3854990D7D70}.Debug|Any CPU.Build.0 = Debug|Any CPU
		{040C23EB-256C-414F-A951-3854990D7D70}.Release|Any CPU.ActiveCfg = Release|Any CPU
		{040C23EB-256C-414F-A951-3854990D7D70}.Release|Any CPU.Build.0 = Release|Any CPU
	EndGlobalSection
	GlobalSection(SolutionProperties) = preSolution
		HideSolutionNode = FALSE
	EndGlobalSection
	GlobalSection(ExtensibilityGlobals) = postSolution
		SolutionGuid = {2404CCD8-A709-4C62-8FBD-29DE1F213471}
	EndGlobalSection
EndGlobal
