
Microsoft Visual Studio Solution File, Format Version 12.00
# Visual Studio Version 16
VisualStudioVersion = 16.0.31624.102
MinimumVisualStudioVersion = 10.0.40219.1
Project("{FAE04EC0-301F-11D3-BF4B-00C04F79EFBC}") = "EjTiposDatosAbstractos", "EjTiposDatosAbstractos.csproj", "{4163FC3C-B4AC-48E9-A277-6AA3D9DE6AF3}"
EndProject
Project("{FAE04EC0-301F-11D3-BF4B-00C04F79EFBC}") = "EjHerencia", "..\EjHerencia\EjHerencia.csproj", "{76205837-AD5E-4AC5-B941-CDF86A988A80}"
EndProject
Project("{FAE04EC0-301F-11D3-BF4B-00C04F79EFBC}") = "EjPolimorfismo", "..\EjPolimorfismo\EjPolimorfismo.csproj", "{B247FB5A-BCCC-4400-AD58-22EBFC7C40E3}"
EndProject
Global
	GlobalSection(SolutionConfigurationPlatforms) = preSolution
		Debug|Any CPU = Debug|Any CPU
		Release|Any CPU = Release|Any CPU
	EndGlobalSection
	GlobalSection(ProjectConfigurationPlatforms) = postSolution
		{4163FC3C-B4AC-48E9-A277-6AA3D9DE6AF3}.Debug|Any CPU.ActiveCfg = Debug|Any CPU
		{4163FC3C-B4AC-48E9-A277-6AA3D9DE6AF3}.Debug|Any CPU.Build.0 = Debug|Any CPU
		{4163FC3C-B4AC-48E9-A277-6AA3D9DE6AF3}.Release|Any CPU.ActiveCfg = Release|Any CPU
		{4163FC3C-B4AC-48E9-A277-6AA3D9DE6AF3}.Release|Any CPU.Build.0 = Release|Any CPU
		{76205837-AD5E-4AC5-B941-CDF86A988A80}.Debug|Any CPU.ActiveCfg = Debug|Any CPU
		{76205837-AD5E-4AC5-B941-CDF86A988A80}.Debug|Any CPU.Build.0 = Debug|Any CPU
		{76205837-AD5E-4AC5-B941-CDF86A988A80}.Release|Any CPU.ActiveCfg = Release|Any CPU
		{76205837-AD5E-4AC5-B941-CDF86A988A80}.Release|Any CPU.Build.0 = Release|Any CPU
		{B247FB5A-BCCC-4400-AD58-22EBFC7C40E3}.Debug|Any CPU.ActiveCfg = Debug|Any CPU
		{B247FB5A-BCCC-4400-AD58-22EBFC7C40E3}.Debug|Any CPU.Build.0 = Debug|Any CPU
		{B247FB5A-BCCC-4400-AD58-22EBFC7C40E3}.Release|Any CPU.ActiveCfg = Release|Any CPU
		{B247FB5A-BCCC-4400-AD58-22EBFC7C40E3}.Release|Any CPU.Build.0 = Release|Any CPU
	EndGlobalSection
	GlobalSection(SolutionProperties) = preSolution
		HideSolutionNode = FALSE
	EndGlobalSection
	GlobalSection(ExtensibilityGlobals) = postSolution
		SolutionGuid = {4F005B72-E1D7-447F-B1A0-CC48A394475E}
	EndGlobalSection
EndGlobal
