
Microsoft Visual Studio Solution File, Format Version 12.00
# Visual Studio Version 17
VisualStudioVersion = 17.7.34031.279
MinimumVisualStudioVersion = 10.0.40219.1
Project("{FAE04EC0-301F-11D3-BF4B-00C04F79EFBC}") = "2FraseDe4", "2FraseDe4\2FraseDe4.csproj", "{50E38A37-6AF0-4D99-B66C-3CBB2FB4CE30}"
EndProject
Project("{FAE04EC0-301F-11D3-BF4B-00C04F79EFBC}") = "3SBCon4Num", "3SBCon4Num\3SBCon4Num.csproj", "{5ABEFC8C-F151-48A3-B705-4DA8B8EC0474}"
EndProject
Project("{FAE04EC0-301F-11D3-BF4B-00C04F79EFBC}") = "4AbcInvertido", "4AbcInvertido\4AbcInvertido.csproj", "{BB1AE43A-B38B-4214-88A5-E17A5705C49F}"
EndProject
Global
	GlobalSection(SolutionConfigurationPlatforms) = preSolution
		Debug|Any CPU = Debug|Any CPU
		Release|Any CPU = Release|Any CPU
	EndGlobalSection
	GlobalSection(ProjectConfigurationPlatforms) = postSolution
		{50E38A37-6AF0-4D99-B66C-3CBB2FB4CE30}.Debug|Any CPU.ActiveCfg = Debug|Any CPU
		{50E38A37-6AF0-4D99-B66C-3CBB2FB4CE30}.Debug|Any CPU.Build.0 = Debug|Any CPU
		{50E38A37-6AF0-4D99-B66C-3CBB2FB4CE30}.Release|Any CPU.ActiveCfg = Release|Any CPU
		{50E38A37-6AF0-4D99-B66C-3CBB2FB4CE30}.Release|Any CPU.Build.0 = Release|Any CPU
		{5ABEFC8C-F151-48A3-B705-4DA8B8EC0474}.Debug|Any CPU.ActiveCfg = Debug|Any CPU
		{5ABEFC8C-F151-48A3-B705-4DA8B8EC0474}.Debug|Any CPU.Build.0 = Debug|Any CPU
		{5ABEFC8C-F151-48A3-B705-4DA8B8EC0474}.Release|Any CPU.ActiveCfg = Release|Any CPU
		{5ABEFC8C-F151-48A3-B705-4DA8B8EC0474}.Release|Any CPU.Build.0 = Release|Any CPU
		{BB1AE43A-B38B-4214-88A5-E17A5705C49F}.Debug|Any CPU.ActiveCfg = Debug|Any CPU
		{BB1AE43A-B38B-4214-88A5-E17A5705C49F}.Debug|Any CPU.Build.0 = Debug|Any CPU
		{BB1AE43A-B38B-4214-88A5-E17A5705C49F}.Release|Any CPU.ActiveCfg = Release|Any CPU
		{BB1AE43A-B38B-4214-88A5-E17A5705C49F}.Release|Any CPU.Build.0 = Release|Any CPU
	EndGlobalSection
	GlobalSection(SolutionProperties) = preSolution
		HideSolutionNode = FALSE
	EndGlobalSection
	GlobalSection(ExtensibilityGlobals) = postSolution
		SolutionGuid = {5CCC3251-219B-4302-A65E-D014F9B06568}
	EndGlobalSection
EndGlobal
