
Microsoft Visual Studio Solution File, Format Version 12.00
# Visual Studio Version 16
VisualStudioVersion = 16.0.31624.102
MinimumVisualStudioVersion = 10.0.40219.1
Project("{FAE04EC0-301F-11D3-BF4B-00C04F79EFBC}") = "EjMétodos1", "EjMétodos1.csproj", "{13BD4ADA-A77A-4E6B-A160-C4756BDFFF21}"
EndProject
Global
	GlobalSection(SolutionConfigurationPlatforms) = preSolution
		Debug|Any CPU = Debug|Any CPU
		Release|Any CPU = Release|Any CPU
	EndGlobalSection
	GlobalSection(ProjectConfigurationPlatforms) = postSolution
		{13BD4ADA-A77A-4E6B-A160-C4756BDFFF21}.Debug|Any CPU.ActiveCfg = Debug|Any CPU
		{13BD4ADA-A77A-4E6B-A160-C4756BDFFF21}.Debug|Any CPU.Build.0 = Debug|Any CPU
		{13BD4ADA-A77A-4E6B-A160-C4756BDFFF21}.Release|Any CPU.ActiveCfg = Release|Any CPU
		{13BD4ADA-A77A-4E6B-A160-C4756BDFFF21}.Release|Any CPU.Build.0 = Release|Any CPU
	EndGlobalSection
	GlobalSection(SolutionProperties) = preSolution
		HideSolutionNode = FALSE
	EndGlobalSection
	GlobalSection(ExtensibilityGlobals) = postSolution
		SolutionGuid = {BC0FF32B-9D84-4F79-9998-4E44F9756C88}
	EndGlobalSection
EndGlobal
